
Microsoft Visual Studio Solution File, Format Version 12.00
# Visual Studio Version 16
VisualStudioVersion = 16.0.29806.167
MinimumVisualStudioVersion = 10.0.40219.1
Project("{9A19103F-16F7-4668-BE54-9A1E7A4F7556}") = "MyMVC", "MyMVC\MyMVC.csproj", "{4B564E39-89CC-4F41-99F7-11A944A555AD}"
EndProject
Project("{FAE04EC0-301F-11D3-BF4B-00C04F79EFBC}") = "Word.OfficeCOM", "Word.OfficeCOM\Word.OfficeCOM.csproj", "{C94D1BAC-2FFE-440B-B9FF-EB2964D09979}"
EndProject
Global
	GlobalSection(SolutionConfigurationPlatforms) = preSolution
		Debug|Any CPU = Debug|Any CPU
		Release|Any CPU = Release|Any CPU
	EndGlobalSection
	GlobalSection(ProjectConfigurationPlatforms) = postSolution
		{4B564E39-89CC-4F41-99F7-11A944A555AD}.Debug|Any CPU.ActiveCfg = Debug|Any CPU
		{4B564E39-89CC-4F41-99F7-11A944A555AD}.Debug|Any CPU.Build.0 = Debug|Any CPU
		{4B564E39-89CC-4F41-99F7-11A944A555AD}.Release|Any CPU.ActiveCfg = Release|Any CPU
		{4B564E39-89CC-4F41-99F7-11A944A555AD}.Release|Any CPU.Build.0 = Release|Any CPU
		{C94D1BAC-2FFE-440B-B9FF-EB2964D09979}.Debug|Any CPU.ActiveCfg = Debug|Any CPU
		{C94D1BAC-2FFE-440B-B9FF-EB2964D09979}.Debug|Any CPU.Build.0 = Debug|Any CPU
		{C94D1BAC-2FFE-440B-B9FF-EB2964D09979}.Release|Any CPU.ActiveCfg = Release|Any CPU
		{C94D1BAC-2FFE-440B-B9FF-EB2964D09979}.Release|Any CPU.Build.0 = Release|Any CPU
	EndGlobalSection
	GlobalSection(SolutionProperties) = preSolution
		HideSolutionNode = FALSE
	EndGlobalSection
	GlobalSection(ExtensibilityGlobals) = postSolution
		SolutionGuid = {5B959ED7-2AC7-4ACD-B579-5A7E3D6C74E4}
	EndGlobalSection
EndGlobal
