
Microsoft Visual Studio Solution File, Format Version 12.00
# Visual Studio Version 16
VisualStudioVersion = 16.0.29806.167
MinimumVisualStudioVersion = 10.0.40219.1
Project("{FAE04EC0-301F-11D3-BF4B-00C04F79EFBC}") = "Framework.WordCOM", "Framework.WordCOM\Framework.WordCOM.csproj", "{D2A97214-CB38-4297-9E76-7B877C5E68C3}"
EndProject
Project("{FAE04EC0-301F-11D3-BF4B-00C04F79EFBC}") = "Framework.ProcessUtil", "Framework.ProcessUtil\Framework.ProcessUtil.csproj", "{26A79059-693C-4610-8D4C-303AE96814F1}"
EndProject
Project("{FAE04EC0-301F-11D3-BF4B-00C04F79EFBC}") = "Framework.QRCodeUtil", "Framework.QRCodeUtil\Framework.QRCodeUtil.csproj", "{F7E98CFB-728C-4A65-A186-3CFC1347425C}"
EndProject
Project("{FAE04EC0-301F-11D3-BF4B-00C04F79EFBC}") = "Framework.CompressString", "Framework.ZipString\Framework.CompressString.csproj", "{C35B0834-9E76-46E8-961E-56A2BEF26420}"
EndProject
Project("{FAE04EC0-301F-11D3-BF4B-00C04F79EFBC}") = "Framework.MD5Encrypt", "Framework.MD5Encrypt\Framework.MD5Encrypt.csproj", "{742EEA65-7663-4AED-BFE0-513E4ADE06AB}"
EndProject
Project("{FAE04EC0-301F-11D3-BF4B-00C04F79EFBC}") = "Framework.FileUtil", "Framework.FileUtil\Framework.FileUtil.csproj", "{053ADDEE-11E0-4FEB-BA88-5EABFD1EB9A6}"
EndProject
Project("{FAE04EC0-301F-11D3-BF4B-00C04F79EFBC}") = "Framework.HttpClientUtil", "Framework.HttpClientUtil\Framework.HttpClientUtil.csproj", "{0819F903-F115-4719-9F6E-1645B8216A36}"
EndProject
Project("{9A19103F-16F7-4668-BE54-9A1E7A4F7556}") = "RegexUtil", "RegexUtil\RegexUtil.csproj", "{0EB9F382-5759-47CF-82FA-35389D97C970}"
EndProject
Global
	GlobalSection(SolutionConfigurationPlatforms) = preSolution
		Debug|Any CPU = Debug|Any CPU
		Release|Any CPU = Release|Any CPU
	EndGlobalSection
	GlobalSection(ProjectConfigurationPlatforms) = postSolution
		{D2A97214-CB38-4297-9E76-7B877C5E68C3}.Debug|Any CPU.ActiveCfg = Debug|Any CPU
		{D2A97214-CB38-4297-9E76-7B877C5E68C3}.Debug|Any CPU.Build.0 = Debug|Any CPU
		{D2A97214-CB38-4297-9E76-7B877C5E68C3}.Release|Any CPU.ActiveCfg = Release|Any CPU
		{D2A97214-CB38-4297-9E76-7B877C5E68C3}.Release|Any CPU.Build.0 = Release|Any CPU
		{26A79059-693C-4610-8D4C-303AE96814F1}.Debug|Any CPU.ActiveCfg = Debug|Any CPU
		{26A79059-693C-4610-8D4C-303AE96814F1}.Debug|Any CPU.Build.0 = Debug|Any CPU
		{26A79059-693C-4610-8D4C-303AE96814F1}.Release|Any CPU.ActiveCfg = Release|Any CPU
		{26A79059-693C-4610-8D4C-303AE96814F1}.Release|Any CPU.Build.0 = Release|Any CPU
		{F7E98CFB-728C-4A65-A186-3CFC1347425C}.Debug|Any CPU.ActiveCfg = Debug|Any CPU
		{F7E98CFB-728C-4A65-A186-3CFC1347425C}.Debug|Any CPU.Build.0 = Debug|Any CPU
		{F7E98CFB-728C-4A65-A186-3CFC1347425C}.Release|Any CPU.ActiveCfg = Release|Any CPU
		{F7E98CFB-728C-4A65-A186-3CFC1347425C}.Release|Any CPU.Build.0 = Release|Any CPU
		{C35B0834-9E76-46E8-961E-56A2BEF26420}.Debug|Any CPU.ActiveCfg = Debug|Any CPU
		{C35B0834-9E76-46E8-961E-56A2BEF26420}.Debug|Any CPU.Build.0 = Debug|Any CPU
		{C35B0834-9E76-46E8-961E-56A2BEF26420}.Release|Any CPU.ActiveCfg = Release|Any CPU
		{C35B0834-9E76-46E8-961E-56A2BEF26420}.Release|Any CPU.Build.0 = Release|Any CPU
		{742EEA65-7663-4AED-BFE0-513E4ADE06AB}.Debug|Any CPU.ActiveCfg = Debug|Any CPU
		{742EEA65-7663-4AED-BFE0-513E4ADE06AB}.Debug|Any CPU.Build.0 = Debug|Any CPU
		{742EEA65-7663-4AED-BFE0-513E4ADE06AB}.Release|Any CPU.ActiveCfg = Release|Any CPU
		{742EEA65-7663-4AED-BFE0-513E4ADE06AB}.Release|Any CPU.Build.0 = Release|Any CPU
		{053ADDEE-11E0-4FEB-BA88-5EABFD1EB9A6}.Debug|Any CPU.ActiveCfg = Debug|Any CPU
		{053ADDEE-11E0-4FEB-BA88-5EABFD1EB9A6}.Debug|Any CPU.Build.0 = Debug|Any CPU
		{053ADDEE-11E0-4FEB-BA88-5EABFD1EB9A6}.Release|Any CPU.ActiveCfg = Release|Any CPU
		{053ADDEE-11E0-4FEB-BA88-5EABFD1EB9A6}.Release|Any CPU.Build.0 = Release|Any CPU
		{0819F903-F115-4719-9F6E-1645B8216A36}.Debug|Any CPU.ActiveCfg = Debug|Any CPU
		{0819F903-F115-4719-9F6E-1645B8216A36}.Debug|Any CPU.Build.0 = Debug|Any CPU
		{0819F903-F115-4719-9F6E-1645B8216A36}.Release|Any CPU.ActiveCfg = Release|Any CPU
		{0819F903-F115-4719-9F6E-1645B8216A36}.Release|Any CPU.Build.0 = Release|Any CPU
		{0EB9F382-5759-47CF-82FA-35389D97C970}.Debug|Any CPU.ActiveCfg = Debug|Any CPU
		{0EB9F382-5759-47CF-82FA-35389D97C970}.Debug|Any CPU.Build.0 = Debug|Any CPU
		{0EB9F382-5759-47CF-82FA-35389D97C970}.Release|Any CPU.ActiveCfg = Release|Any CPU
		{0EB9F382-5759-47CF-82FA-35389D97C970}.Release|Any CPU.Build.0 = Release|Any CPU
	EndGlobalSection
	GlobalSection(SolutionProperties) = preSolution
		HideSolutionNode = FALSE
	EndGlobalSection
	GlobalSection(ExtensibilityGlobals) = postSolution
		SolutionGuid = {5B959ED7-2AC7-4ACD-B579-5A7E3D6C74E4}
	EndGlobalSection
EndGlobal
